
Microsoft Visual Studio Solution File, Format Version 12.00
# Visual Studio Version 16
VisualStudioVersion = 25.0.1705.4
MinimumVisualStudioVersion = 10.0.40219.1
Project("{FAE04EC0-301F-11D3-BF4B-00C04F79EFBC}") = "SharelaneAutomationNew", "SharelaneAutomationNew\SharelaneAutomationNew.csproj", "{2955DC6F-58C3-4BA1-B58B-ADC12BCB5EE7}"
EndProject
Global
	GlobalSection(SolutionConfigurationPlatforms) = preSolution
		Debug|Any CPU = Debug|Any CPU
		Release|Any CPU = Release|Any CPU
	EndGlobalSection
	GlobalSection(ProjectConfigurationPlatforms) = postSolution
		{2955DC6F-58C3-4BA1-B58B-ADC12BCB5EE7}.Debug|Any CPU.ActiveCfg = Debug|Any CPU
		{2955DC6F-58C3-4BA1-B58B-ADC12BCB5EE7}.Debug|Any CPU.Build.0 = Debug|Any CPU
		{2955DC6F-58C3-4BA1-B58B-ADC12BCB5EE7}.Release|Any CPU.ActiveCfg = Release|Any CPU
		{2955DC6F-58C3-4BA1-B58B-ADC12BCB5EE7}.Release|Any CPU.Build.0 = Release|Any CPU
	EndGlobalSection
	GlobalSection(SolutionProperties) = preSolution
		HideSolutionNode = FALSE
	EndGlobalSection
	GlobalSection(ExtensibilityGlobals) = postSolution
		SolutionGuid = {3179E9D5-EDC1-4BD7-B817-9BD5E20C9B5D}
	EndGlobalSection
EndGlobal
